
Microsoft Visual Studio Solution File, Format Version 12.00
Project("{FAE04EC0-301F-11D3-BF4B-00C04F79EFBC}") = "DotNet.Serverless.AWS.Lambda.Web.Api", "DotNet.Serverless.AWS.Lambda.Web.Api\DotNet.Serverless.AWS.Lambda.Web.Api.csproj", "{F131292E-8BC2-44F4-9C98-11AF77E3F187}"
EndProject
Global
	GlobalSection(SolutionConfigurationPlatforms) = preSolution
		Debug|Any CPU = Debug|Any CPU
		Release|Any CPU = Release|Any CPU
	EndGlobalSection
	GlobalSection(ProjectConfigurationPlatforms) = postSolution
		{F131292E-8BC2-44F4-9C98-11AF77E3F187}.Debug|Any CPU.ActiveCfg = Debug|Any CPU
		{F131292E-8BC2-44F4-9C98-11AF77E3F187}.Debug|Any CPU.Build.0 = Debug|Any CPU
		{F131292E-8BC2-44F4-9C98-11AF77E3F187}.Release|Any CPU.ActiveCfg = Release|Any CPU
		{F131292E-8BC2-44F4-9C98-11AF77E3F187}.Release|Any CPU.Build.0 = Release|Any CPU
	EndGlobalSection
EndGlobal
